// !$*UTF8*$!
{
	archiveVersion = 1;
	classes = {
	};
	objectVersion = 46;
	objects = {

/* Begin PBXBuildFile section */
		5701CDFC187F35EA00A635EB /* README.md in Resources */ = {isa = PBXBuildFile; fileRef = 5701CDF6187F35EA00A635EB /* README.md */; };
		5701CDFD187F35EA00A635EB /* release_notes.md in Resources */ = {isa = PBXBuildFile; fileRef = 5701CDF7187F35EA00A635EB /* release_notes.md */; };
		5701CDFE187F373500A635EB /* libTestFlight.a in Frameworks */ = {isa = PBXBuildFile; fileRef = 5701CDF5187F35EA00A635EB /* libTestFlight.a */; };
		5701CDFF187F378F00A635EB /* libz.dylib in Frameworks */ = {isa = PBXBuildFile; fileRef = 578FAB8E187DBA7D00A0D90E /* libz.dylib */; };
		570980B517B4EF6800192234 /* UIKit.framework in Frameworks */ = {isa = PBXBuildFile; fileRef = 570980B417B4EF6800192234 /* UIKit.framework */; };
		570980B717B4EF6800192234 /* Foundation.framework in Frameworks */ = {isa = PBXBuildFile; fileRef = 570980B617B4EF6800192234 /* Foundation.framework */; };
		570980B917B4EF6800192234 /* CoreGraphics.framework in Frameworks */ = {isa = PBXBuildFile; fileRef = 570980B817B4EF6800192234 /* CoreGraphics.framework */; };
		570980BB17B4EF6800192234 /* CoreData.framework in Frameworks */ = {isa = PBXBuildFile; fileRef = 570980BA17B4EF6800192234 /* CoreData.framework */; };
		570980C117B4EF6800192234 /* InfoPlist.strings in Resources */ = {isa = PBXBuildFile; fileRef = 570980BF17B4EF6800192234 /* InfoPlist.strings */; };
		570980C317B4EF6800192234 /* main.m in Sources */ = {isa = PBXBuildFile; fileRef = 570980C217B4EF6800192234 /* main.m */; };
		570980C717B4EF6800192234 /* AppDelegate.m in Sources */ = {isa = PBXBuildFile; fileRef = 570980C617B4EF6800192234 /* AppDelegate.m */; };
		570980D017B4EF6800192234 /* Clumsy.xcdatamodeld in Sources */ = {isa = PBXBuildFile; fileRef = 570980CE17B4EF6800192234 /* Clumsy.xcdatamodeld */; };
		570980D817B4EF6800192234 /* SenTestingKit.framework in Frameworks */ = {isa = PBXBuildFile; fileRef = 570980D717B4EF6800192234 /* SenTestingKit.framework */; };
		570980D917B4EF6800192234 /* UIKit.framework in Frameworks */ = {isa = PBXBuildFile; fileRef = 570980B417B4EF6800192234 /* UIKit.framework */; };
		570980DA17B4EF6800192234 /* Foundation.framework in Frameworks */ = {isa = PBXBuildFile; fileRef = 570980B617B4EF6800192234 /* Foundation.framework */; };
		570980DB17B4EF6800192234 /* CoreData.framework in Frameworks */ = {isa = PBXBuildFile; fileRef = 570980BA17B4EF6800192234 /* CoreData.framework */; };
		570980E317B4EF6800192234 /* InfoPlist.strings in Resources */ = {isa = PBXBuildFile; fileRef = 570980E117B4EF6800192234 /* InfoPlist.strings */; };
		570980E617B4EF6800192234 /* ClumsyTests.m in Sources */ = {isa = PBXBuildFile; fileRef = 570980E517B4EF6800192234 /* ClumsyTests.m */; };
		570980F117B4F26500192234 /* MainClumsyViewController.m in Sources */ = {isa = PBXBuildFile; fileRef = 570980F017B4F26500192234 /* MainClumsyViewController.m */; };
		570980F217B4F26500192234 /* MainClumsyViewController.m in Sources */ = {isa = PBXBuildFile; fileRef = 570980F017B4F26500192234 /* MainClumsyViewController.m */; };
		570980F617B4F5F000192234 /* CustomClumsyMainView.m in Sources */ = {isa = PBXBuildFile; fileRef = 570980F517B4F5F000192234 /* CustomClumsyMainView.m */; };
		570980F917B4F81500192234 /* CustomMainUIButton.m in Sources */ = {isa = PBXBuildFile; fileRef = 570980F817B4F81500192234 /* CustomMainUIButton.m */; };
		5709810617B4FFFF00192234 /* CustomUISwipeGesture.m in Sources */ = {isa = PBXBuildFile; fileRef = 5709810517B4FFFF00192234 /* CustomUISwipeGesture.m */; };
		5709810D17B5367800192234 /* ClumsyEngine.m in Sources */ = {isa = PBXBuildFile; fileRef = 5709810C17B5367800192234 /* ClumsyEngine.m */; };
		5709811117B6A9A900192234 /* ClumsyActionObject.m in Sources */ = {isa = PBXBuildFile; fileRef = 5709811017B6A9A900192234 /* ClumsyActionObject.m */; };
		573BE2F91878BCF100F042A4 /* Images.xcassets in Resources */ = {isa = PBXBuildFile; fileRef = 573BE2F81878BCF100F042A4 /* Images.xcassets */; };
		57572D1717BAA88000B8D7F9 /* ClumsyScoreView.m in Sources */ = {isa = PBXBuildFile; fileRef = 57572D1617BAA88000B8D7F9 /* ClumsyScoreView.m */; };
		57572D1D17BABE3700B8D7F9 /* ClumsyScoreInnerBoxView.m in Sources */ = {isa = PBXBuildFile; fileRef = 57572D1C17BABE3700B8D7F9 /* ClumsyScoreInnerBoxView.m */; };
		57572D2117BACA2F00B8D7F9 /* ClumsyTitleScoreLabel.m in Sources */ = {isa = PBXBuildFile; fileRef = 57572D2017BACA2F00B8D7F9 /* ClumsyTitleScoreLabel.m */; };
		57572D2517BAD21F00B8D7F9 /* ClumsyScoreLable.m in Sources */ = {isa = PBXBuildFile; fileRef = 57572D2417BAD21F00B8D7F9 /* ClumsyScoreLable.m */; };
		57572D2B17BB976600B8D7F9 /* ClumsyScore.m in Sources */ = {isa = PBXBuildFile; fileRef = 57572D2A17BB976500B8D7F9 /* ClumsyScore.m */; };
		57572D2E17BEE14200B8D7F9 /* ClumsyScoreOkButton.m in Sources */ = {isa = PBXBuildFile; fileRef = 57572D2D17BEE14200B8D7F9 /* ClumsyScoreOkButton.m */; };
		57572D3417BF83F800B8D7F9 /* Social.framework in Frameworks */ = {isa = PBXBuildFile; fileRef = 57572D3317BF83F800B8D7F9 /* Social.framework */; };
		576F1B9E17C0B1CC00A2A919 /* QuartzCore.framework in Frameworks */ = {isa = PBXBuildFile; fileRef = 576F1B9C17C0B1C100A2A919 /* QuartzCore.framework */; };
		576F1BA417C17DEF00A2A919 /* ClumsySocialButton.m in Sources */ = {isa = PBXBuildFile; fileRef = 576F1BA317C17DEF00A2A919 /* ClumsySocialButton.m */; };
		578FAB92187DC1E800A0D90E /* Score.m in Sources */ = {isa = PBXBuildFile; fileRef = 578FAB91187DC1E800A0D90E /* Score.m */; };
		578FAB93187DC1E800A0D90E /* Score.m in Sources */ = {isa = PBXBuildFile; fileRef = 578FAB91187DC1E800A0D90E /* Score.m */; };
		578FAB96187DC33E00A0D90E /* HighScore.m in Sources */ = {isa = PBXBuildFile; fileRef = 578FAB95187DC33E00A0D90E /* HighScore.m */; };
		578FAB97187DC33E00A0D90E /* HighScore.m in Sources */ = {isa = PBXBuildFile; fileRef = 578FAB95187DC33E00A0D90E /* HighScore.m */; };
		578FAB9A187F23D400A0D90E /* ClumsyHighScoreLabel.m in Sources */ = {isa = PBXBuildFile; fileRef = 578FAB99187F23D400A0D90E /* ClumsyHighScoreLabel.m */; };
		57A672731881686400EBCD9A /* CoreMotion.framework in Frameworks */ = {isa = PBXBuildFile; fileRef = 57A672721881686400EBCD9A /* CoreMotion.framework */; };
		57B207EA17C03849003E8281 /* CoreImage.framework in Frameworks */ = {isa = PBXBuildFile; fileRef = 57B207E917C03849003E8281 /* CoreImage.framework */; };
		57F775D017C4F25100D4788B /* ClumsyActionView.m in Sources */ = {isa = PBXBuildFile; fileRef = 57F775CF17C4F25100D4788B /* ClumsyActionView.m */; };
		57F775D317C57EC800D4788B /* ClumsySocialHandler.m in Sources */ = {isa = PBXBuildFile; fileRef = 57F775D217C57EC800D4788B /* ClumsySocialHandler.m */; };
/* End PBXBuildFile section */

/* Begin PBXContainerItemProxy section */
		570980DC17B4EF6800192234 /* PBXContainerItemProxy */ = {
			isa = PBXContainerItemProxy;
			containerPortal = 570980A917B4EF6800192234 /* Project object */;
			proxyType = 1;
			remoteGlobalIDString = 570980B017B4EF6800192234;
			remoteInfo = Clumsy;
		};
/* End PBXContainerItemProxy section */

/* Begin PBXFileReference section */
		5701CDF5187F35EA00A635EB /* libTestFlight.a */ = {isa = PBXFileReference; lastKnownFileType = archive.ar; path = libTestFlight.a; sourceTree = "<group>"; };
		5701CDF6187F35EA00A635EB /* README.md */ = {isa = PBXFileReference; fileEncoding = 4; lastKnownFileType = text; path = README.md; sourceTree = "<group>"; };
		5701CDF7187F35EA00A635EB /* release_notes.md */ = {isa = PBXFileReference; fileEncoding = 4; lastKnownFileType = text; path = release_notes.md; sourceTree = "<group>"; };
		5701CDF8187F35EA00A635EB /* TestFlight+AsyncLogging.h */ = {isa = PBXFileReference; fileEncoding = 4; lastKnownFileType = sourcecode.c.h; path = "TestFlight+AsyncLogging.h"; sourceTree = "<group>"; };
		5701CDF9187F35EA00A635EB /* TestFlight+ManualSessions.h */ = {isa = PBXFileReference; fileEncoding = 4; lastKnownFileType = sourcecode.c.h; path = "TestFlight+ManualSessions.h"; sourceTree = "<group>"; };
		5701CDFA187F35EA00A635EB /* TestFlight.h */ = {isa = PBXFileReference; fileEncoding = 4; lastKnownFileType = sourcecode.c.h; path = TestFlight.h; sourceTree = "<group>"; };
		570980B117B4EF6800192234 /* Clumsy.app */ = {isa = PBXFileReference; explicitFileType = wrapper.application; includeInIndex = 0; path = Clumsy.app; sourceTree = BUILT_PRODUCTS_DIR; };
		570980B417B4EF6800192234 /* UIKit.framework */ = {isa = PBXFileReference; lastKnownFileType = wrapper.framework; name = UIKit.framework; path = System/Library/Frameworks/UIKit.framework; sourceTree = SDKROOT; };
		570980B617B4EF6800192234 /* Foundation.framework */ = {isa = PBXFileReference; lastKnownFileType = wrapper.framework; name = Foundation.framework; path = System/Library/Frameworks/Foundation.framework; sourceTree = SDKROOT; };
		570980B817B4EF6800192234 /* CoreGraphics.framework */ = {isa = PBXFileReference; lastKnownFileType = wrapper.framework; name = CoreGraphics.framework; path = System/Library/Frameworks/CoreGraphics.framework; sourceTree = SDKROOT; };
		570980BA17B4EF6800192234 /* CoreData.framework */ = {isa = PBXFileReference; lastKnownFileType = wrapper.framework; name = CoreData.framework; path = System/Library/Frameworks/CoreData.framework; sourceTree = SDKROOT; };
		570980BE17B4EF6800192234 /* Clumsy-Info.plist */ = {isa = PBXFileReference; lastKnownFileType = text.plist.xml; path = "Clumsy-Info.plist"; sourceTree = "<group>"; };
		570980C017B4EF6800192234 /* en */ = {isa = PBXFileReference; lastKnownFileType = text.plist.strings; name = en; path = en.lproj/InfoPlist.strings; sourceTree = "<group>"; };
		570980C217B4EF6800192234 /* main.m */ = {isa = PBXFileReference; lastKnownFileType = sourcecode.c.objc; path = main.m; sourceTree = "<group>"; };
		570980C417B4EF6800192234 /* Clumsy-Prefix.pch */ = {isa = PBXFileReference; lastKnownFileType = sourcecode.c.h; path = "Clumsy-Prefix.pch"; sourceTree = "<group>"; };
		570980C517B4EF6800192234 /* AppDelegate.h */ = {isa = PBXFileReference; lastKnownFileType = sourcecode.c.h; path = AppDelegate.h; sourceTree = "<group>"; };
		570980C617B4EF6800192234 /* AppDelegate.m */ = {isa = PBXFileReference; lastKnownFileType = sourcecode.c.objc; path = AppDelegate.m; sourceTree = "<group>"; };
		570980CF17B4EF6800192234 /* Clumsy.xcdatamodel */ = {isa = PBXFileReference; lastKnownFileType = wrapper.xcdatamodel; path = Clumsy.xcdatamodel; sourceTree = "<group>"; };
		570980D617B4EF6800192234 /* ClumsyTests.octest */ = {isa = PBXFileReference; explicitFileType = wrapper.cfbundle; includeInIndex = 0; path = ClumsyTests.octest; sourceTree = BUILT_PRODUCTS_DIR; };
		570980D717B4EF6800192234 /* SenTestingKit.framework */ = {isa = PBXFileReference; lastKnownFileType = wrapper.framework; name = SenTestingKit.framework; path = Library/Frameworks/SenTestingKit.framework; sourceTree = DEVELOPER_DIR; };
		570980E017B4EF6800192234 /* ClumsyTests-Info.plist */ = {isa = PBXFileReference; lastKnownFileType = text.plist.xml; path = "ClumsyTests-Info.plist"; sourceTree = "<group>"; };
		570980E217B4EF6800192234 /* en */ = {isa = PBXFileReference; lastKnownFileType = text.plist.strings; name = en; path = en.lproj/InfoPlist.strings; sourceTree = "<group>"; };
		570980E417B4EF6800192234 /* ClumsyTests.h */ = {isa = PBXFileReference; lastKnownFileType = sourcecode.c.h; path = ClumsyTests.h; sourceTree = "<group>"; };
		570980E517B4EF6800192234 /* ClumsyTests.m */ = {isa = PBXFileReference; lastKnownFileType = sourcecode.c.objc; path = ClumsyTests.m; sourceTree = "<group>"; };
		570980EF17B4F26500192234 /* MainClumsyViewController.h */ = {isa = PBXFileReference; fileEncoding = 4; lastKnownFileType = sourcecode.c.h; path = MainClumsyViewController.h; sourceTree = "<group>"; };
		570980F017B4F26500192234 /* MainClumsyViewController.m */ = {isa = PBXFileReference; fileEncoding = 4; lastKnownFileType = sourcecode.c.objc; path = MainClumsyViewController.m; sourceTree = "<group>"; };
		570980F417B4F5F000192234 /* CustomClumsyMainView.h */ = {isa = PBXFileReference; fileEncoding = 4; lastKnownFileType = sourcecode.c.h; path = CustomClumsyMainView.h; sourceTree = "<group>"; };
		570980F517B4F5F000192234 /* CustomClumsyMainView.m */ = {isa = PBXFileReference; fileEncoding = 4; lastKnownFileType = sourcecode.c.objc; path = CustomClumsyMainView.m; sourceTree = "<group>"; };
		570980F717B4F81500192234 /* CustomMainUIButton.h */ = {isa = PBXFileReference; fileEncoding = 4; lastKnownFileType = sourcecode.c.h; path = CustomMainUIButton.h; sourceTree = "<group>"; };
		570980F817B4F81500192234 /* CustomMainUIButton.m */ = {isa = PBXFileReference; fileEncoding = 4; lastKnownFileType = sourcecode.c.objc; path = CustomMainUIButton.m; sourceTree = "<group>"; };
		570980FA17B4F84600192234 /* CustomMainUIButtonDelegate.h */ = {isa = PBXFileReference; fileEncoding = 4; lastKnownFileType = sourcecode.c.h; path = CustomMainUIButtonDelegate.h; sourceTree = "<group>"; };
		5709810417B4FFFF00192234 /* CustomUISwipeGesture.h */ = {isa = PBXFileReference; fileEncoding = 4; lastKnownFileType = sourcecode.c.h; path = CustomUISwipeGesture.h; sourceTree = "<group>"; };
		5709810517B4FFFF00192234 /* CustomUISwipeGesture.m */ = {isa = PBXFileReference; fileEncoding = 4; lastKnownFileType = sourcecode.c.objc; path = CustomUISwipeGesture.m; sourceTree = "<group>"; };
		5709810717B500BF00192234 /* CustomUISwipeGestureDelegate.h */ = {isa = PBXFileReference; fileEncoding = 4; lastKnownFileType = sourcecode.c.h; path = CustomUISwipeGestureDelegate.h; sourceTree = "<group>"; };
		5709810B17B5367700192234 /* ClumsyEngine.h */ = {isa = PBXFileReference; fileEncoding = 4; lastKnownFileType = sourcecode.c.h; path = ClumsyEngine.h; sourceTree = "<group>"; };
		5709810C17B5367800192234 /* ClumsyEngine.m */ = {isa = PBXFileReference; fileEncoding = 4; lastKnownFileType = sourcecode.c.objc; path = ClumsyEngine.m; sourceTree = "<group>"; };
		5709810E17B694D100192234 /* ClumsyEngineDelegate.h */ = {isa = PBXFileReference; fileEncoding = 4; lastKnownFileType = sourcecode.c.h; path = ClumsyEngineDelegate.h; sourceTree = "<group>"; };
		5709810F17B6A9A900192234 /* ClumsyActionObject.h */ = {isa = PBXFileReference; fileEncoding = 4; lastKnownFileType = sourcecode.c.h; path = ClumsyActionObject.h; sourceTree = "<group>"; };
		5709811017B6A9A900192234 /* ClumsyActionObject.m */ = {isa = PBXFileReference; fileEncoding = 4; lastKnownFileType = sourcecode.c.objc; path = ClumsyActionObject.m; sourceTree = "<group>"; };
		573BE2F81878BCF100F042A4 /* Images.xcassets */ = {isa = PBXFileReference; lastKnownFileType = folder.assetcatalog; path = Images.xcassets; sourceTree = "<group>"; };
		57572D1517BAA88000B8D7F9 /* ClumsyScoreView.h */ = {isa = PBXFileReference; fileEncoding = 4; lastKnownFileType = sourcecode.c.h; path = ClumsyScoreView.h; sourceTree = "<group>"; };
		57572D1617BAA88000B8D7F9 /* ClumsyScoreView.m */ = {isa = PBXFileReference; fileEncoding = 4; lastKnownFileType = sourcecode.c.objc; path = ClumsyScoreView.m; sourceTree = "<group>"; };
		57572D1B17BABE3700B8D7F9 /* ClumsyScoreInnerBoxView.h */ = {isa = PBXFileReference; fileEncoding = 4; lastKnownFileType = sourcecode.c.h; path = ClumsyScoreInnerBoxView.h; sourceTree = "<group>"; };
		57572D1C17BABE3700B8D7F9 /* ClumsyScoreInnerBoxView.m */ = {isa = PBXFileReference; fileEncoding = 4; lastKnownFileType = sourcecode.c.objc; path = ClumsyScoreInnerBoxView.m; sourceTree = "<group>"; };
		57572D1F17BACA2F00B8D7F9 /* ClumsyTitleScoreLabel.h */ = {isa = PBXFileReference; fileEncoding = 4; lastKnownFileType = sourcecode.c.h; path = ClumsyTitleScoreLabel.h; sourceTree = "<group>"; };
		57572D2017BACA2F00B8D7F9 /* ClumsyTitleScoreLabel.m */ = {isa = PBXFileReference; fileEncoding = 4; lastKnownFileType = sourcecode.c.objc; path = ClumsyTitleScoreLabel.m; sourceTree = "<group>"; };
		57572D2317BAD21F00B8D7F9 /* ClumsyScoreLable.h */ = {isa = PBXFileReference; fileEncoding = 4; lastKnownFileType = sourcecode.c.h; path = ClumsyScoreLable.h; sourceTree = "<group>"; };
		57572D2417BAD21F00B8D7F9 /* ClumsyScoreLable.m */ = {isa = PBXFileReference; fileEncoding = 4; lastKnownFileType = sourcecode.c.objc; path = ClumsyScoreLable.m; sourceTree = "<group>"; };
		57572D2917BB976500B8D7F9 /* ClumsyScore.h */ = {isa = PBXFileReference; fileEncoding = 4; lastKnownFileType = sourcecode.c.h; path = ClumsyScore.h; sourceTree = "<group>"; };
		57572D2A17BB976500B8D7F9 /* ClumsyScore.m */ = {isa = PBXFileReference; fileEncoding = 4; lastKnownFileType = sourcecode.c.objc; path = ClumsyScore.m; sourceTree = "<group>"; };
		57572D2C17BEE14100B8D7F9 /* ClumsyScoreOkButton.h */ = {isa = PBXFileReference; fileEncoding = 4; lastKnownFileType = sourcecode.c.h; path = ClumsyScoreOkButton.h; sourceTree = "<group>"; };
		57572D2D17BEE14200B8D7F9 /* ClumsyScoreOkButton.m */ = {isa = PBXFileReference; fileEncoding = 4; lastKnownFileType = sourcecode.c.objc; path = ClumsyScoreOkButton.m; sourceTree = "<group>"; };
		57572D2F17BEE16100B8D7F9 /* ClumsyScoreOkButtonDelegate.h */ = {isa = PBXFileReference; fileEncoding = 4; lastKnownFileType = sourcecode.c.h; path = ClumsyScoreOkButtonDelegate.h; sourceTree = "<group>"; };
		57572D3317BF83F800B8D7F9 /* Social.framework */ = {isa = PBXFileReference; lastKnownFileType = wrapper.framework; name = Social.framework; path = System/Library/Frameworks/Social.framework; sourceTree = SDKROOT; };
		57572D3517BF864500B8D7F9 /* ClumsyScoreViewDelegate.h */ = {isa = PBXFileReference; fileEncoding = 4; lastKnownFileType = sourcecode.c.h; path = ClumsyScoreViewDelegate.h; sourceTree = "<group>"; };
		576F1B9C17C0B1C100A2A919 /* QuartzCore.framework */ = {isa = PBXFileReference; lastKnownFileType = wrapper.framework; name = QuartzCore.framework; path = System/Library/Frameworks/QuartzCore.framework; sourceTree = SDKROOT; };
		576F1BA217C17DEE00A2A919 /* ClumsySocialButton.h */ = {isa = PBXFileReference; fileEncoding = 4; lastKnownFileType = sourcecode.c.h; path = ClumsySocialButton.h; sourceTree = "<group>"; };
		576F1BA317C17DEF00A2A919 /* ClumsySocialButton.m */ = {isa = PBXFileReference; fileEncoding = 4; lastKnownFileType = sourcecode.c.objc; path = ClumsySocialButton.m; sourceTree = "<group>"; };
		576F1BA517C1800C00A2A919 /* ClumsySocialButtonDelegate.h */ = {isa = PBXFileReference; fileEncoding = 4; lastKnownFileType = sourcecode.c.h; path = ClumsySocialButtonDelegate.h; sourceTree = "<group>"; };
		578FAB8E187DBA7D00A0D90E /* libz.dylib */ = {isa = PBXFileReference; lastKnownFileType = "compiled.mach-o.dylib"; name = libz.dylib; path = usr/lib/libz.dylib; sourceTree = SDKROOT; };
		578FAB90187DC1E800A0D90E /* Score.h */ = {isa = PBXFileReference; fileEncoding = 4; lastKnownFileType = sourcecode.c.h; path = Score.h; sourceTree = "<group>"; };
		578FAB91187DC1E800A0D90E /* Score.m */ = {isa = PBXFileReference; fileEncoding = 4; lastKnownFileType = sourcecode.c.objc; path = Score.m; sourceTree = "<group>"; };
		578FAB94187DC33E00A0D90E /* HighScore.h */ = {isa = PBXFileReference; fileEncoding = 4; lastKnownFileType = sourcecode.c.h; path = HighScore.h; sourceTree = "<group>"; };
		578FAB95187DC33E00A0D90E /* HighScore.m */ = {isa = PBXFileReference; fileEncoding = 4; lastKnownFileType = sourcecode.c.objc; path = HighScore.m; sourceTree = "<group>"; };
		578FAB98187F23D400A0D90E /* ClumsyHighScoreLabel.h */ = {isa = PBXFileReference; fileEncoding = 4; lastKnownFileType = sourcecode.c.h; path = ClumsyHighScoreLabel.h; sourceTree = "<group>"; };
		578FAB99187F23D400A0D90E /* ClumsyHighScoreLabel.m */ = {isa = PBXFileReference; fileEncoding = 4; lastKnownFileType = sourcecode.c.objc; path = ClumsyHighScoreLabel.m; sourceTree = "<group>"; };
		57A672721881686400EBCD9A /* CoreMotion.framework */ = {isa = PBXFileReference; lastKnownFileType = wrapper.framework; name = CoreMotion.framework; path = System/Library/Frameworks/CoreMotion.framework; sourceTree = SDKROOT; };
		57B207E917C03849003E8281 /* CoreImage.framework */ = {isa = PBXFileReference; lastKnownFileType = wrapper.framework; name = CoreImage.framework; path = System/Library/Frameworks/CoreImage.framework; sourceTree = SDKROOT; };
		57F775CE17C4F25100D4788B /* ClumsyActionView.h */ = {isa = PBXFileReference; fileEncoding = 4; lastKnownFileType = sourcecode.c.h; path = ClumsyActionView.h; sourceTree = "<group>"; };
		57F775CF17C4F25100D4788B /* ClumsyActionView.m */ = {isa = PBXFileReference; fileEncoding = 4; lastKnownFileType = sourcecode.c.objc; path = ClumsyActionView.m; sourceTree = "<group>"; };
		57F775D117C57EC800D4788B /* ClumsySocialHandler.h */ = {isa = PBXFileReference; fileEncoding = 4; lastKnownFileType = sourcecode.c.h; path = ClumsySocialHandler.h; sourceTree = "<group>"; };
		57F775D217C57EC800D4788B /* ClumsySocialHandler.m */ = {isa = PBXFileReference; fileEncoding = 4; lastKnownFileType = sourcecode.c.objc; path = ClumsySocialHandler.m; sourceTree = "<group>"; };
/* End PBXFileReference section */

/* Begin PBXFrameworksBuildPhase section */
		570980AE17B4EF6800192234 /* Frameworks */ = {
			isa = PBXFrameworksBuildPhase;
			buildActionMask = 2147483647;
			files = (
				57A672731881686400EBCD9A /* CoreMotion.framework in Frameworks */,
				5701CDFF187F378F00A635EB /* libz.dylib in Frameworks */,
				5701CDFE187F373500A635EB /* libTestFlight.a in Frameworks */,
				576F1B9E17C0B1CC00A2A919 /* QuartzCore.framework in Frameworks */,
				57B207EA17C03849003E8281 /* CoreImage.framework in Frameworks */,
				57572D3417BF83F800B8D7F9 /* Social.framework in Frameworks */,
				570980B517B4EF6800192234 /* UIKit.framework in Frameworks */,
				570980B717B4EF6800192234 /* Foundation.framework in Frameworks */,
				570980B917B4EF6800192234 /* CoreGraphics.framework in Frameworks */,
				570980BB17B4EF6800192234 /* CoreData.framework in Frameworks */,
			);
			runOnlyForDeploymentPostprocessing = 0;
		};
		570980D217B4EF6800192234 /* Frameworks */ = {
			isa = PBXFrameworksBuildPhase;
			buildActionMask = 2147483647;
			files = (
				570980D817B4EF6800192234 /* SenTestingKit.framework in Frameworks */,
				570980D917B4EF6800192234 /* UIKit.framework in Frameworks */,
				570980DA17B4EF6800192234 /* Foundation.framework in Frameworks */,
				570980DB17B4EF6800192234 /* CoreData.framework in Frameworks */,
			);
			runOnlyForDeploymentPostprocessing = 0;
		};
/* End PBXFrameworksBuildPhase section */

/* Begin PBXGroup section */
		5701CDF4187F35EA00A635EB /* TestFlightSDK2.2.0 */ = {
			isa = PBXGroup;
			children = (
				5701CDF5187F35EA00A635EB /* libTestFlight.a */,
				5701CDF6187F35EA00A635EB /* README.md */,
				5701CDF7187F35EA00A635EB /* release_notes.md */,
				5701CDF8187F35EA00A635EB /* TestFlight+AsyncLogging.h */,
				5701CDF9187F35EA00A635EB /* TestFlight+ManualSessions.h */,
				5701CDFA187F35EA00A635EB /* TestFlight.h */,
			);
			path = TestFlightSDK2.2.0;
			sourceTree = "<group>";
		};
		570980A817B4EF6800192234 = {
			isa = PBXGroup;
			children = (
				570980BC17B4EF6800192234 /* Clumsy */,
				570980DE17B4EF6800192234 /* ClumsyTests */,
				570980B317B4EF6800192234 /* Frameworks */,
				570980B217B4EF6800192234 /* Products */,
			);
			sourceTree = "<group>";
		};
		570980B217B4EF6800192234 /* Products */ = {
			isa = PBXGroup;
			children = (
				570980B117B4EF6800192234 /* Clumsy.app */,
				570980D617B4EF6800192234 /* ClumsyTests.octest */,
			);
			name = Products;
			sourceTree = "<group>";
		};
		570980B317B4EF6800192234 /* Frameworks */ = {
			isa = PBXGroup;
			children = (
				57A672721881686400EBCD9A /* CoreMotion.framework */,
				578FAB8E187DBA7D00A0D90E /* libz.dylib */,
				576F1B9C17C0B1C100A2A919 /* QuartzCore.framework */,
				57B207E917C03849003E8281 /* CoreImage.framework */,
				57572D3317BF83F800B8D7F9 /* Social.framework */,
				570980B417B4EF6800192234 /* UIKit.framework */,
				570980B617B4EF6800192234 /* Foundation.framework */,
				570980B817B4EF6800192234 /* CoreGraphics.framework */,
				570980BA17B4EF6800192234 /* CoreData.framework */,
				570980D717B4EF6800192234 /* SenTestingKit.framework */,
			);
			name = Frameworks;
			sourceTree = "<group>";
		};
		570980BC17B4EF6800192234 /* Clumsy */ = {
			isa = PBXGroup;
			children = (
				570980C517B4EF6800192234 /* AppDelegate.h */,
				570980C617B4EF6800192234 /* AppDelegate.m */,
				57AEB7301879B2DF00B057AE /* Models */,
				57572D2217BAD1C900B8D7F9 /* MainClumsyViewController */,
				57572D1E17BAC90400B8D7F9 /* ClumsyScoreView */,
				57F775D417C585BA00D4788B /* ClumsySocial */,
				570980CE17B4EF6800192234 /* Clumsy.xcdatamodeld */,
				573BE2F81878BCF100F042A4 /* Images.xcassets */,
				570980BD17B4EF6800192234 /* Supporting Files */,
				5701CDF4187F35EA00A635EB /* TestFlightSDK2.2.0 */,
			);
			path = Clumsy;
			sourceTree = "<group>";
		};
		570980BD17B4EF6800192234 /* Supporting Files */ = {
			isa = PBXGroup;
			children = (
				570980BE17B4EF6800192234 /* Clumsy-Info.plist */,
				570980BF17B4EF6800192234 /* InfoPlist.strings */,
				570980C217B4EF6800192234 /* main.m */,
				570980C417B4EF6800192234 /* Clumsy-Prefix.pch */,
			);
			name = "Supporting Files";
			sourceTree = "<group>";
		};
		570980DE17B4EF6800192234 /* ClumsyTests */ = {
			isa = PBXGroup;
			children = (
				570980E417B4EF6800192234 /* ClumsyTests.h */,
				570980E517B4EF6800192234 /* ClumsyTests.m */,
				570980DF17B4EF6800192234 /* Supporting Files */,
			);
			path = ClumsyTests;
			sourceTree = "<group>";
		};
		570980DF17B4EF6800192234 /* Supporting Files */ = {
			isa = PBXGroup;
			children = (
				570980E017B4EF6800192234 /* ClumsyTests-Info.plist */,
				570980E117B4EF6800192234 /* InfoPlist.strings */,
			);
			name = "Supporting Files";
			sourceTree = "<group>";
		};
		57572D1E17BAC90400B8D7F9 /* ClumsyScoreView */ = {
			isa = PBXGroup;
			children = (
				57572D1517BAA88000B8D7F9 /* ClumsyScoreView.h */,
				57572D1617BAA88000B8D7F9 /* ClumsyScoreView.m */,
				57572D3517BF864500B8D7F9 /* ClumsyScoreViewDelegate.h */,
				57572D1B17BABE3700B8D7F9 /* ClumsyScoreInnerBoxView.h */,
				57572D1C17BABE3700B8D7F9 /* ClumsyScoreInnerBoxView.m */,
				57572D2C17BEE14100B8D7F9 /* ClumsyScoreOkButton.h */,
				57572D2D17BEE14200B8D7F9 /* ClumsyScoreOkButton.m */,
				57572D2F17BEE16100B8D7F9 /* ClumsyScoreOkButtonDelegate.h */,
				57572D1F17BACA2F00B8D7F9 /* ClumsyTitleScoreLabel.h */,
				57572D2017BACA2F00B8D7F9 /* ClumsyTitleScoreLabel.m */,
				57572D2317BAD21F00B8D7F9 /* ClumsyScoreLable.h */,
				57572D2417BAD21F00B8D7F9 /* ClumsyScoreLable.m */,
			);
			name = ClumsyScoreView;
			sourceTree = "<group>";
		};
		57572D2217BAD1C900B8D7F9 /* MainClumsyViewController */ = {
			isa = PBXGroup;
			children = (
				570980EF17B4F26500192234 /* MainClumsyViewController.h */,
				570980F017B4F26500192234 /* MainClumsyViewController.m */,
				570980F417B4F5F000192234 /* CustomClumsyMainView.h */,
				570980F517B4F5F000192234 /* CustomClumsyMainView.m */,
				57F775CE17C4F25100D4788B /* ClumsyActionView.h */,
				57F775CF17C4F25100D4788B /* ClumsyActionView.m */,
				570980F717B4F81500192234 /* CustomMainUIButton.h */,
				570980F817B4F81500192234 /* CustomMainUIButton.m */,
				570980FA17B4F84600192234 /* CustomMainUIButtonDelegate.h */,
				5709810417B4FFFF00192234 /* CustomUISwipeGesture.h */,
				5709810517B4FFFF00192234 /* CustomUISwipeGesture.m */,
				5709810717B500BF00192234 /* CustomUISwipeGestureDelegate.h */,
				578FAB98187F23D400A0D90E /* ClumsyHighScoreLabel.h */,
				578FAB99187F23D400A0D90E /* ClumsyHighScoreLabel.m */,
			);
			name = MainClumsyViewController;
			sourceTree = "<group>";
		};
		57AEB7301879B2DF00B057AE /* Models */ = {
			isa = PBXGroup;
			children = (
				578FAB90187DC1E800A0D90E /* Score.h */,
				578FAB91187DC1E800A0D90E /* Score.m */,
				578FAB94187DC33E00A0D90E /* HighScore.h */,
				578FAB95187DC33E00A0D90E /* HighScore.m */,
				5709810B17B5367700192234 /* ClumsyEngine.h */,
				5709810C17B5367800192234 /* ClumsyEngine.m */,
				5709810E17B694D100192234 /* ClumsyEngineDelegate.h */,
				5709810F17B6A9A900192234 /* ClumsyActionObject.h */,
				5709811017B6A9A900192234 /* ClumsyActionObject.m */,
				57572D2917BB976500B8D7F9 /* ClumsyScore.h */,
				57572D2A17BB976500B8D7F9 /* ClumsyScore.m */,
			);
			name = Models;
			sourceTree = "<group>";
		};
		57F775D417C585BA00D4788B /* ClumsySocial */ = {
			isa = PBXGroup;
			children = (
				576F1BA217C17DEE00A2A919 /* ClumsySocialButton.h */,
				576F1BA317C17DEF00A2A919 /* ClumsySocialButton.m */,
				576F1BA517C1800C00A2A919 /* ClumsySocialButtonDelegate.h */,
				57F775D117C57EC800D4788B /* ClumsySocialHandler.h */,
				57F775D217C57EC800D4788B /* ClumsySocialHandler.m */,
			);
			name = ClumsySocial;
			sourceTree = "<group>";
		};
/* End PBXGroup section */

/* Begin PBXNativeTarget section */
		570980B017B4EF6800192234 /* Clumsy */ = {
			isa = PBXNativeTarget;
			buildConfigurationList = 570980E917B4EF6800192234 /* Build configuration list for PBXNativeTarget "Clumsy" */;
			buildPhases = (
				570980AD17B4EF6800192234 /* Sources */,
				570980AE17B4EF6800192234 /* Frameworks */,
				570980AF17B4EF6800192234 /* Resources */,
			);
			buildRules = (
			);
			dependencies = (
			);
			name = Clumsy;
			productName = Clumsy;
			productReference = 570980B117B4EF6800192234 /* Clumsy.app */;
			productType = "com.apple.product-type.application";
		};
		570980D517B4EF6800192234 /* ClumsyTests */ = {
			isa = PBXNativeTarget;
			buildConfigurationList = 570980EC17B4EF6800192234 /* Build configuration list for PBXNativeTarget "ClumsyTests" */;
			buildPhases = (
				570980D117B4EF6800192234 /* Sources */,
				570980D217B4EF6800192234 /* Frameworks */,
				570980D317B4EF6800192234 /* Resources */,
				570980D417B4EF6800192234 /* ShellScript */,
			);
			buildRules = (
			);
			dependencies = (
				570980DD17B4EF6800192234 /* PBXTargetDependency */,
			);
			name = ClumsyTests;
			productName = ClumsyTests;
			productReference = 570980D617B4EF6800192234 /* ClumsyTests.octest */;
			productType = "com.apple.product-type.bundle";
		};
/* End PBXNativeTarget section */

/* Begin PBXProject section */
		570980A917B4EF6800192234 /* Project object */ = {
			isa = PBXProject;
			attributes = {
				LastUpgradeCheck = 0500;
				ORGANIZATIONNAME = "Victor Ursan";
				TargetAttributes = {
					570980B017B4EF6800192234 = {
						DevelopmentTeam = 94TWQJ7GSF;
						SystemCapabilities = {
							com.apple.GameCenter = {
								enabled = 0;
							};
						};
					};
				};
			};
			buildConfigurationList = 570980AC17B4EF6800192234 /* Build configuration list for PBXProject "Clumsy" */;
			compatibilityVersion = "Xcode 3.2";
			developmentRegion = English;
			hasScannedForEncodings = 0;
			knownRegions = (
				en,
			);
			mainGroup = 570980A817B4EF6800192234;
			productRefGroup = 570980B217B4EF6800192234 /* Products */;
			projectDirPath = "";
			projectRoot = "";
			targets = (
				570980B017B4EF6800192234 /* Clumsy */,
				570980D517B4EF6800192234 /* ClumsyTests */,
			);
		};
/* End PBXProject section */

/* Begin PBXResourcesBuildPhase section */
		570980AF17B4EF6800192234 /* Resources */ = {
			isa = PBXResourcesBuildPhase;
			buildActionMask = 2147483647;
			files = (
				5701CDFD187F35EA00A635EB /* release_notes.md in Resources */,
				5701CDFC187F35EA00A635EB /* README.md in Resources */,
				570980C117B4EF6800192234 /* InfoPlist.strings in Resources */,
				573BE2F91878BCF100F042A4 /* Images.xcassets in Resources */,
			);
			runOnlyForDeploymentPostprocessing = 0;
		};
		570980D317B4EF6800192234 /* Resources */ = {
			isa = PBXResourcesBuildPhase;
			buildActionMask = 2147483647;
			files = (
				570980E317B4EF6800192234 /* InfoPlist.strings in Resources */,
			);
			runOnlyForDeploymentPostprocessing = 0;
		};
/* End PBXResourcesBuildPhase section */

/* Begin PBXShellScriptBuildPhase section */
		570980D417B4EF6800192234 /* ShellScript */ = {
			isa = PBXShellScriptBuildPhase;
			buildActionMask = 2147483647;
			files = (
			);
			inputPaths = (
			);
			outputPaths = (
			);
			runOnlyForDeploymentPostprocessing = 0;
			shellPath = /bin/sh;
			shellScript = "# Run the unit tests in this test bundle.\n\"${SYSTEM_DEVELOPER_DIR}/Tools/RunUnitTests\"\n";
		};
/* End PBXShellScriptBuildPhase section */

/* Begin PBXSourcesBuildPhase section */
		570980AD17B4EF6800192234 /* Sources */ = {
			isa = PBXSourcesBuildPhase;
			buildActionMask = 2147483647;
			files = (
				570980C317B4EF6800192234 /* main.m in Sources */,
				570980C717B4EF6800192234 /* AppDelegate.m in Sources */,
				578FAB96187DC33E00A0D90E /* HighScore.m in Sources */,
				570980D017B4EF6800192234 /* Clumsy.xcdatamodeld in Sources */,
				570980F117B4F26500192234 /* MainClumsyViewController.m in Sources */,
				570980F617B4F5F000192234 /* CustomClumsyMainView.m in Sources */,
				570980F917B4F81500192234 /* CustomMainUIButton.m in Sources */,
				5709810617B4FFFF00192234 /* CustomUISwipeGesture.m in Sources */,
				5709810D17B5367800192234 /* ClumsyEngine.m in Sources */,
				5709811117B6A9A900192234 /* ClumsyActionObject.m in Sources */,
				57572D1717BAA88000B8D7F9 /* ClumsyScoreView.m in Sources */,
				57572D1D17BABE3700B8D7F9 /* ClumsyScoreInnerBoxView.m in Sources */,
				57572D2117BACA2F00B8D7F9 /* ClumsyTitleScoreLabel.m in Sources */,
				57572D2517BAD21F00B8D7F9 /* ClumsyScoreLable.m in Sources */,
				57572D2B17BB976600B8D7F9 /* ClumsyScore.m in Sources */,
				57572D2E17BEE14200B8D7F9 /* ClumsyScoreOkButton.m in Sources */,
				576F1BA417C17DEF00A2A919 /* ClumsySocialButton.m in Sources */,
				57F775D017C4F25100D4788B /* ClumsyActionView.m in Sources */,
				578FAB9A187F23D400A0D90E /* ClumsyHighScoreLabel.m in Sources */,
				57F775D317C57EC800D4788B /* ClumsySocialHandler.m in Sources */,
				578FAB92187DC1E800A0D90E /* Score.m in Sources */,
			);
			runOnlyForDeploymentPostprocessing = 0;
		};
		570980D117B4EF6800192234 /* Sources */ = {
			isa = PBXSourcesBuildPhase;
			buildActionMask = 2147483647;
			files = (
				578FAB93187DC1E800A0D90E /* Score.m in Sources */,
				570980E617B4EF6800192234 /* ClumsyTests.m in Sources */,
				578FAB97187DC33E00A0D90E /* HighScore.m in Sources */,
				570980F217B4F26500192234 /* MainClumsyViewController.m in Sources */,
			);
			runOnlyForDeploymentPostprocessing = 0;
		};
/* End PBXSourcesBuildPhase section */

/* Begin PBXTargetDependency section */
		570980DD17B4EF6800192234 /* PBXTargetDependency */ = {
			isa = PBXTargetDependency;
			target = 570980B017B4EF6800192234 /* Clumsy */;
			targetProxy = 570980DC17B4EF6800192234 /* PBXContainerItemProxy */;
		};
/* End PBXTargetDependency section */

/* Begin PBXVariantGroup section */
		570980BF17B4EF6800192234 /* InfoPlist.strings */ = {
			isa = PBXVariantGroup;
			children = (
				570980C017B4EF6800192234 /* en */,
			);
			name = InfoPlist.strings;
			sourceTree = "<group>";
		};
		570980E117B4EF6800192234 /* InfoPlist.strings */ = {
			isa = PBXVariantGroup;
			children = (
				570980E217B4EF6800192234 /* en */,
			);
			name = InfoPlist.strings;
			sourceTree = "<group>";
		};
/* End PBXVariantGroup section */

/* Begin XCBuildConfiguration section */
		570980E717B4EF6800192234 /* Debug */ = {
			isa = XCBuildConfiguration;
			buildSettings = {
				ALWAYS_SEARCH_USER_PATHS = NO;
				CLANG_CXX_LANGUAGE_STANDARD = "gnu++0x";
				CLANG_CXX_LIBRARY = "libc++";
				CLANG_ENABLE_OBJC_ARC = YES;
				CLANG_WARN_CONSTANT_CONVERSION = YES;
				CLANG_WARN_EMPTY_BODY = YES;
				CLANG_WARN_ENUM_CONVERSION = YES;
				CLANG_WARN_INT_CONVERSION = YES;
				CLANG_WARN__DUPLICATE_METHOD_MATCH = YES;
				"CODE_SIGN_IDENTITY[sdk=iphoneos*]" = "iPhone Developer";
				COPY_PHASE_STRIP = NO;
				GCC_C_LANGUAGE_STANDARD = gnu99;
				GCC_DYNAMIC_NO_PIC = NO;
				GCC_OPTIMIZATION_LEVEL = 0;
				GCC_PREPROCESSOR_DEFINITIONS = (
					"DEBUG=1",
					"$(inherited)",
				);
				GCC_SYMBOLS_PRIVATE_EXTERN = NO;
				GCC_WARN_ABOUT_RETURN_TYPE = YES;
				GCC_WARN_UNINITIALIZED_AUTOS = YES;
				GCC_WARN_UNUSED_VARIABLE = YES;
				IPHONEOS_DEPLOYMENT_TARGET = 7.0;
				ONLY_ACTIVE_ARCH = YES;
				PROVISIONING_PROFILE = "A4A11441-D2DE-482C-9A72-AF7D3E5C8F0F";
				SDKROOT = iphoneos;
			};
			name = Debug;
		};
		570980E817B4EF6800192234 /* Release */ = {
			isa = XCBuildConfiguration;
			buildSettings = {
				ALWAYS_SEARCH_USER_PATHS = NO;
				CLANG_CXX_LANGUAGE_STANDARD = "gnu++0x";
				CLANG_CXX_LIBRARY = "libc++";
				CLANG_ENABLE_OBJC_ARC = YES;
				CLANG_WARN_CONSTANT_CONVERSION = YES;
				CLANG_WARN_EMPTY_BODY = YES;
				CLANG_WARN_ENUM_CONVERSION = YES;
				CLANG_WARN_INT_CONVERSION = YES;
				CLANG_WARN__DUPLICATE_METHOD_MATCH = YES;
				"CODE_SIGN_IDENTITY[sdk=iphoneos*]" = "iPhone Developer";
				COPY_PHASE_STRIP = YES;
				GCC_C_LANGUAGE_STANDARD = gnu99;
				GCC_WARN_ABOUT_RETURN_TYPE = YES;
				GCC_WARN_UNINITIALIZED_AUTOS = YES;
				GCC_WARN_UNUSED_VARIABLE = YES;
				IPHONEOS_DEPLOYMENT_TARGET = 7.0;
				OTHER_CFLAGS = "-DNS_BLOCK_ASSERTIONS=1";
				PROVISIONING_PROFILE = "A4A11441-D2DE-482C-9A72-AF7D3E5C8F0F";
				SDKROOT = iphoneos;
				VALIDATE_PRODUCT = YES;
			};
			name = Release;
		};
		570980EA17B4EF6800192234 /* Debug */ = {
			isa = XCBuildConfiguration;
			buildSettings = {
				ASSETCATALOG_COMPILER_APPICON_NAME = AppIcon;
				ASSETCATALOG_COMPILER_LAUNCHIMAGE_NAME = LaunchImage;
				CODE_SIGN_IDENTITY = "iPhone Developer";
				"CODE_SIGN_IDENTITY[sdk=iphoneos*]" = "iPhone Developer";
				GCC_PRECOMPILE_PREFIX_HEADER = YES;
				GCC_PREFIX_HEADER = "Clumsy/Clumsy-Prefix.pch";
				INFOPLIST_FILE = "Clumsy/Clumsy-Info.plist";
				IPHONEOS_DEPLOYMENT_TARGET = 7.0;
				LIBRARY_SEARCH_PATHS = (
					"$(inherited)",
					/Users/victor/Github/Clumsy/Clumsy/TestFlightSDK2.2.0,
				);
				ONLY_ACTIVE_ARCH = NO;
				PRODUCT_NAME = "$(TARGET_NAME)";
				PROVISIONING_PROFILE = "A4A11441-D2DE-482C-9A72-AF7D3E5C8F0F";
				SDKROOT = iphoneos;
				TARGETED_DEVICE_FAMILY = 1;
				VALID_ARCHS = "arm64 armv7 armv7s armv6";
				WRAPPER_EXTENSION = app;
			};
			name = Debug;
		};
		570980EB17B4EF6800192234 /* Release */ = {
			isa = XCBuildConfiguration;
			buildSettings = {
				ASSETCATALOG_COMPILER_APPICON_NAME = AppIcon;
				ASSETCATALOG_COMPILER_LAUNCHIMAGE_NAME = LaunchImage;
				CODE_SIGN_IDENTITY = "iPhone Developer";
				"CODE_SIGN_IDENTITY[sdk=iphoneos*]" = "iPhone Developer";
				GCC_PRECOMPILE_PREFIX_HEADER = YES;
				GCC_PREFIX_HEADER = "Clumsy/Clumsy-Prefix.pch";
				INFOPLIST_FILE = "Clumsy/Clumsy-Info.plist";
				IPHONEOS_DEPLOYMENT_TARGET = 7.0;
				LIBRARY_SEARCH_PATHS = (
					"$(inherited)",
					/Users/victor/Github/Clumsy/Clumsy/TestFlightSDK2.2.0,
				);
				ONLY_ACTIVE_ARCH = NO;
				PRODUCT_NAME = "$(TARGET_NAME)";
				PROVISIONING_PROFILE = "A4A11441-D2DE-482C-9A72-AF7D3E5C8F0F";
				SDKROOT = iphoneos;
				TARGETED_DEVICE_FAMILY = 1;
				VALID_ARCHS = "arm64 armv7 armv7s armv6";
				WRAPPER_EXTENSION = app;
			};
			name = Release;
		};
		570980ED17B4EF6800192234 /* Debug */ = {
			isa = XCBuildConfiguration;
			buildSettings = {
				BUNDLE_LOADER = "$(BUILT_PRODUCTS_DIR)/Clumsy.app/Clumsy";
				FRAMEWORK_SEARCH_PATHS = (
					"\"$(SDKROOT)/Developer/Library/Frameworks\"",
					"\"$(DEVELOPER_LIBRARY_DIR)/Frameworks\"",
				);
				GCC_PRECOMPILE_PREFIX_HEADER = YES;
				GCC_PREFIX_HEADER = "Clumsy/Clumsy-Prefix.pch";
				INFOPLIST_FILE = "ClumsyTests/ClumsyTests-Info.plist";
				LIBRARY_SEARCH_PATHS = (
					"$(inherited)",
					/Users/victor/Github/Clumsy/Clumsy/TestFlightSDK2.1.3,
				);
				PRODUCT_NAME = "$(TARGET_NAME)";
				TEST_HOST = "$(BUNDLE_LOADER)";
				WRAPPER_EXTENSION = octest;
			};
			name = Debug;
		};
		570980EE17B4EF6800192234 /* Release */ = {
			isa = XCBuildConfiguration;
			buildSettings = {
				BUNDLE_LOADER = "$(BUILT_PRODUCTS_DIR)/Clumsy.app/Clumsy";
				FRAMEWORK_SEARCH_PATHS = (
					"\"$(SDKROOT)/Developer/Library/Frameworks\"",
					"\"$(DEVELOPER_LIBRARY_DIR)/Frameworks\"",
				);
				GCC_PRECOMPILE_PREFIX_HEADER = YES;
				GCC_PREFIX_HEADER = "Clumsy/Clumsy-Prefix.pch";
				INFOPLIST_FILE = "ClumsyTests/ClumsyTests-Info.plist";
				LIBRARY_SEARCH_PATHS = (
					"$(inherited)",
					/Users/victor/Github/Clumsy/Clumsy/TestFlightSDK2.1.3,
				);
				PRODUCT_NAME = "$(TARGET_NAME)";
				TEST_HOST = "$(BUNDLE_LOADER)";
				WRAPPER_EXTENSION = octest;
			};
			name = Release;
		};
/* End XCBuildConfiguration section */

/* Begin XCConfigurationList section */
		570980AC17B4EF6800192234 /* Build configuration list for PBXProject "Clumsy" */ = {
			isa = XCConfigurationList;
			buildConfigurations = (
				570980E717B4EF6800192234 /* Debug */,
				570980E817B4EF6800192234 /* Release */,
			);
			defaultConfigurationIsVisible = 0;
			defaultConfigurationName = Release;
		};
		570980E917B4EF6800192234 /* Build configuration list for PBXNativeTarget "Clumsy" */ = {
			isa = XCConfigurationList;
			buildConfigurations = (
				570980EA17B4EF6800192234 /* Debug */,
				570980EB17B4EF6800192234 /* Release */,
			);
			defaultConfigurationIsVisible = 0;
			defaultConfigurationName = Release;
		};
		570980EC17B4EF6800192234 /* Build configuration list for PBXNativeTarget "ClumsyTests" */ = {
			isa = XCConfigurationList;
			buildConfigurations = (
				570980ED17B4EF6800192234 /* Debug */,
				570980EE17B4EF6800192234 /* Release */,
			);
			defaultConfigurationIsVisible = 0;
			defaultConfigurationName = Release;
		};
/* End XCConfigurationList section */

/* Begin XCVersionGroup section */
		570980CE17B4EF6800192234 /* Clumsy.xcdatamodeld */ = {
			isa = XCVersionGroup;
			children = (
				570980CF17B4EF6800192234 /* Clumsy.xcdatamodel */,
			);
			currentVersion = 570980CF17B4EF6800192234 /* Clumsy.xcdatamodel */;
			path = Clumsy.xcdatamodeld;
			sourceTree = "<group>";
			versionGroupType = wrapper.xcdatamodel;
		};
/* End XCVersionGroup section */
	};
	rootObject = 570980A917B4EF6800192234 /* Project object */;
}
